// !$*UTF8*$!
{
	archiveVersion = 1;
	classes = {
	};
	objectVersion = 46;
	objects = {

/* Begin PBXBuildFile section */
		04B48BFC632D36881D0B2D70 /* libPods.a in Frameworks */ = {isa = PBXBuildFile; fileRef = EC71FB911722F546E2A41B78 /* libPods.a */; };
		730004BB1A6EA03D0082C1EA /* IWSegmentControl.m in Sources */ = {isa = PBXBuildFile; fileRef = 730004BA1A6EA03D0082C1EA /* IWSegmentControl.m */; };
		7348B7BB1A716E6100ED4504 /* NSMutableArray+confessionManagment.m in Sources */ = {isa = PBXBuildFile; fileRef = 7348B7BA1A716E6100ED4504 /* NSMutableArray+confessionManagment.m */; };
		73CD36181A6C3E8D0026232F /* CoreData.framework in Frameworks */ = {isa = PBXBuildFile; fileRef = 73CD36171A6C3E8D0026232F /* CoreData.framework */; };
		73CD361B1A6C3EC90026232F /* VKLovers.xcdatamodeld in Sources */ = {isa = PBXBuildFile; fileRef = 73CD36191A6C3EC90026232F /* VKLovers.xcdatamodeld */; };
		73CD36721A6D98930026232F /* IWVkManager.m in Sources */ = {isa = PBXBuildFile; fileRef = 73CD36711A6D98930026232F /* IWVkManager.m */; };
		73CD36781A6E637E0026232F /* IWWebApiManager.m in Sources */ = {isa = PBXBuildFile; fileRef = 73CD36771A6E637E0026232F /* IWWebApiManager.m */; };
		73D4891F1A6BDD1400176CD4 /* main.m in Sources */ = {isa = PBXBuildFile; fileRef = 73D4891E1A6BDD1400176CD4 /* main.m */; };
		73D489221A6BDD1400176CD4 /* AppDelegate.m in Sources */ = {isa = PBXBuildFile; fileRef = 73D489211A6BDD1400176CD4 /* AppDelegate.m */; };
		73D489251A6BDD1400176CD4 /* IWLoginViewController.m in Sources */ = {isa = PBXBuildFile; fileRef = 73D489241A6BDD1400176CD4 /* IWLoginViewController.m */; };
		73D489281A6BDD1400176CD4 /* Main.storyboard in Resources */ = {isa = PBXBuildFile; fileRef = 73D489261A6BDD1400176CD4 /* Main.storyboard */; };
		73D4892A1A6BDD1400176CD4 /* Images.xcassets in Resources */ = {isa = PBXBuildFile; fileRef = 73D489291A6BDD1400176CD4 /* Images.xcassets */; };
		73D4892D1A6BDD1400176CD4 /* LaunchScreen.xib in Resources */ = {isa = PBXBuildFile; fileRef = 73D4892B1A6BDD1400176CD4 /* LaunchScreen.xib */; };
		73D489391A6BDD1400176CD4 /* VKLoversTests.m in Sources */ = {isa = PBXBuildFile; fileRef = 73D489381A6BDD1400176CD4 /* VKLoversTests.m */; };
		73D4894C1A6BEAE200176CD4 /* IWUser.m in Sources */ = {isa = PBXBuildFile; fileRef = 73D4894B1A6BEAE200176CD4 /* IWUser.m */; };
		73D4894F1A6BEAEF00176CD4 /* IWConfession.m in Sources */ = {isa = PBXBuildFile; fileRef = 73D4894E1A6BEAEF00176CD4 /* IWConfession.m */; };
		73D489561A6BF3B000176CD4 /* IWVkFriendsTableViewController.m in Sources */ = {isa = PBXBuildFile; fileRef = 73D489551A6BF3B000176CD4 /* IWVkFriendsTableViewController.m */; };
		73D489591A6BF4A600176CD4 /* IWVkPersonTableViewCell.m in Sources */ = {isa = PBXBuildFile; fileRef = 73D489581A6BF4A600176CD4 /* IWVkPersonTableViewCell.m */; };
		73D4B7151A78055600AF5B91 /* IWMatchView.xib in Resources */ = {isa = PBXBuildFile; fileRef = 73D4B7141A78055600AF5B91 /* IWMatchView.xib */; };
		73D4B7181A780DB800AF5B91 /* IWMatchView.m in Sources */ = {isa = PBXBuildFile; fileRef = 73D4B7171A780DB800AF5B91 /* IWMatchView.m */; };
/* End PBXBuildFile section */

/* Begin PBXContainerItemProxy section */
		73D489331A6BDD1400176CD4 /* PBXContainerItemProxy */ = {
			isa = PBXContainerItemProxy;
			containerPortal = 73D489111A6BDD1400176CD4 /* Project object */;
			proxyType = 1;
			remoteGlobalIDString = 73D489181A6BDD1400176CD4;
			remoteInfo = VKLovers;
		};
/* End PBXContainerItemProxy section */

/* Begin PBXFileReference section */
		47170409422E116E74C99B06 /* Pods.debug.xcconfig */ = {isa = PBXFileReference; includeInIndex = 1; lastKnownFileType = text.xcconfig; name = Pods.debug.xcconfig; path = "Pods/Target Support Files/Pods/Pods.debug.xcconfig"; sourceTree = "<group>"; };
		6404C41CDBC6F04495B68382 /* Pods.release.xcconfig */ = {isa = PBXFileReference; includeInIndex = 1; lastKnownFileType = text.xcconfig; name = Pods.release.xcconfig; path = "Pods/Target Support Files/Pods/Pods.release.xcconfig"; sourceTree = "<group>"; };
		730004B91A6EA03D0082C1EA /* IWSegmentControl.h */ = {isa = PBXFileReference; fileEncoding = 4; lastKnownFileType = sourcecode.c.h; path = IWSegmentControl.h; sourceTree = "<group>"; };
		730004BA1A6EA03D0082C1EA /* IWSegmentControl.m */ = {isa = PBXFileReference; fileEncoding = 4; lastKnownFileType = sourcecode.c.objc; path = IWSegmentControl.m; sourceTree = "<group>"; };
		7348B7B91A716E6100ED4504 /* NSMutableArray+confessionManagment.h */ = {isa = PBXFileReference; fileEncoding = 4; lastKnownFileType = sourcecode.c.h; path = "NSMutableArray+confessionManagment.h"; sourceTree = "<group>"; };
		7348B7BA1A716E6100ED4504 /* NSMutableArray+confessionManagment.m */ = {isa = PBXFileReference; fileEncoding = 4; lastKnownFileType = sourcecode.c.objc; path = "NSMutableArray+confessionManagment.m"; sourceTree = "<group>"; wrapsLines = 0; };
		73CD36171A6C3E8D0026232F /* CoreData.framework */ = {isa = PBXFileReference; lastKnownFileType = wrapper.framework; name = CoreData.framework; path = System/Library/Frameworks/CoreData.framework; sourceTree = SDKROOT; };
		73CD361A1A6C3EC90026232F /* VKLovers.xcdatamodel */ = {isa = PBXFileReference; lastKnownFileType = wrapper.xcdatamodel; path = VKLovers.xcdatamodel; sourceTree = "<group>"; };
		73CD36701A6D98930026232F /* IWVkManager.h */ = {isa = PBXFileReference; fileEncoding = 4; lastKnownFileType = sourcecode.c.h; path = IWVkManager.h; sourceTree = "<group>"; };
		73CD36711A6D98930026232F /* IWVkManager.m */ = {isa = PBXFileReference; fileEncoding = 4; lastKnownFileType = sourcecode.c.objc; path = IWVkManager.m; sourceTree = "<group>"; };
		73CD36761A6E637E0026232F /* IWWebApiManager.h */ = {isa = PBXFileReference; fileEncoding = 4; lastKnownFileType = sourcecode.c.h; path = IWWebApiManager.h; sourceTree = "<group>"; };
		73CD36771A6E637E0026232F /* IWWebApiManager.m */ = {isa = PBXFileReference; fileEncoding = 4; lastKnownFileType = sourcecode.c.objc; path = IWWebApiManager.m; sourceTree = "<group>"; };
		73D489191A6BDD1400176CD4 /* VKLovers.app */ = {isa = PBXFileReference; explicitFileType = wrapper.application; includeInIndex = 0; path = VKLovers.app; sourceTree = BUILT_PRODUCTS_DIR; };
		73D4891D1A6BDD1400176CD4 /* Info.plist */ = {isa = PBXFileReference; lastKnownFileType = text.plist.xml; path = Info.plist; sourceTree = "<group>"; };
		73D4891E1A6BDD1400176CD4 /* main.m */ = {isa = PBXFileReference; lastKnownFileType = sourcecode.c.objc; path = main.m; sourceTree = "<group>"; };
		73D489201A6BDD1400176CD4 /* AppDelegate.h */ = {isa = PBXFileReference; lastKnownFileType = sourcecode.c.h; path = AppDelegate.h; sourceTree = "<group>"; };
		73D489211A6BDD1400176CD4 /* AppDelegate.m */ = {isa = PBXFileReference; lastKnownFileType = sourcecode.c.objc; path = AppDelegate.m; sourceTree = "<group>"; };
		73D489231A6BDD1400176CD4 /* IWLoginViewController.h */ = {isa = PBXFileReference; lastKnownFileType = sourcecode.c.h; path = IWLoginViewController.h; sourceTree = "<group>"; };
		73D489241A6BDD1400176CD4 /* IWLoginViewController.m */ = {isa = PBXFileReference; lastKnownFileType = sourcecode.c.objc; path = IWLoginViewController.m; sourceTree = "<group>"; };
		73D489271A6BDD1400176CD4 /* Base */ = {isa = PBXFileReference; lastKnownFileType = file.storyboard; name = Base; path = Base.lproj/Main.storyboard; sourceTree = "<group>"; };
		73D489291A6BDD1400176CD4 /* Images.xcassets */ = {isa = PBXFileReference; lastKnownFileType = folder.assetcatalog; path = Images.xcassets; sourceTree = "<group>"; };
		73D4892C1A6BDD1400176CD4 /* Base */ = {isa = PBXFileReference; lastKnownFileType = file.xib; name = Base; path = Base.lproj/LaunchScreen.xib; sourceTree = "<group>"; };
		73D489321A6BDD1400176CD4 /* VKLoversTests.xctest */ = {isa = PBXFileReference; explicitFileType = wrapper.cfbundle; includeInIndex = 0; path = VKLoversTests.xctest; sourceTree = BUILT_PRODUCTS_DIR; };
		73D489371A6BDD1400176CD4 /* Info.plist */ = {isa = PBXFileReference; lastKnownFileType = text.plist.xml; path = Info.plist; sourceTree = "<group>"; };
		73D489381A6BDD1400176CD4 /* VKLoversTests.m */ = {isa = PBXFileReference; lastKnownFileType = sourcecode.c.objc; path = VKLoversTests.m; sourceTree = "<group>"; };
		73D489461A6BDE1800176CD4 /* VKLovers-Prefix.pch */ = {isa = PBXFileReference; fileEncoding = 4; lastKnownFileType = sourcecode.c.h; path = "VKLovers-Prefix.pch"; sourceTree = "<group>"; };
		73D4894A1A6BEAE200176CD4 /* IWUser.h */ = {isa = PBXFileReference; fileEncoding = 4; lastKnownFileType = sourcecode.c.h; path = IWUser.h; sourceTree = "<group>"; };
		73D4894B1A6BEAE200176CD4 /* IWUser.m */ = {isa = PBXFileReference; fileEncoding = 4; lastKnownFileType = sourcecode.c.objc; path = IWUser.m; sourceTree = "<group>"; };
		73D4894D1A6BEAEF00176CD4 /* IWConfession.h */ = {isa = PBXFileReference; fileEncoding = 4; lastKnownFileType = sourcecode.c.h; path = IWConfession.h; sourceTree = "<group>"; };
		73D4894E1A6BEAEF00176CD4 /* IWConfession.m */ = {isa = PBXFileReference; fileEncoding = 4; lastKnownFileType = sourcecode.c.objc; path = IWConfession.m; sourceTree = "<group>"; };
		73D489541A6BF3B000176CD4 /* IWVkFriendsTableViewController.h */ = {isa = PBXFileReference; fileEncoding = 4; lastKnownFileType = sourcecode.c.h; path = IWVkFriendsTableViewController.h; sourceTree = "<group>"; };
		73D489551A6BF3B000176CD4 /* IWVkFriendsTableViewController.m */ = {isa = PBXFileReference; fileEncoding = 4; lastKnownFileType = sourcecode.c.objc; path = IWVkFriendsTableViewController.m; sourceTree = "<group>"; };
		73D489571A6BF4A600176CD4 /* IWVkPersonTableViewCell.h */ = {isa = PBXFileReference; fileEncoding = 4; lastKnownFileType = sourcecode.c.h; path = IWVkPersonTableViewCell.h; sourceTree = "<group>"; };
		73D489581A6BF4A600176CD4 /* IWVkPersonTableViewCell.m */ = {isa = PBXFileReference; fileEncoding = 4; lastKnownFileType = sourcecode.c.objc; path = IWVkPersonTableViewCell.m; sourceTree = "<group>"; };
		73D4B7141A78055600AF5B91 /* IWMatchView.xib */ = {isa = PBXFileReference; fileEncoding = 4; lastKnownFileType = file.xib; path = IWMatchView.xib; sourceTree = "<group>"; };
		73D4B7161A780DB800AF5B91 /* IWMatchView.h */ = {isa = PBXFileReference; fileEncoding = 4; lastKnownFileType = sourcecode.c.h; path = IWMatchView.h; sourceTree = "<group>"; };
		73D4B7171A780DB800AF5B91 /* IWMatchView.m */ = {isa = PBXFileReference; fileEncoding = 4; lastKnownFileType = sourcecode.c.objc; path = IWMatchView.m; sourceTree = "<group>"; };
		EC71FB911722F546E2A41B78 /* libPods.a */ = {isa = PBXFileReference; explicitFileType = archive.ar; includeInIndex = 0; path = libPods.a; sourceTree = BUILT_PRODUCTS_DIR; };
/* End PBXFileReference section */

/* Begin PBXFrameworksBuildPhase section */
		73D489161A6BDD1400176CD4 /* Frameworks */ = {
			isa = PBXFrameworksBuildPhase;
			buildActionMask = 2147483647;
			files = (
				73CD36181A6C3E8D0026232F /* CoreData.framework in Frameworks */,
				04B48BFC632D36881D0B2D70 /* libPods.a in Frameworks */,
			);
			runOnlyForDeploymentPostprocessing = 0;
		};
		73D4892F1A6BDD1400176CD4 /* Frameworks */ = {
			isa = PBXFrameworksBuildPhase;
			buildActionMask = 2147483647;
			files = (
			);
			runOnlyForDeploymentPostprocessing = 0;
		};
/* End PBXFrameworksBuildPhase section */

/* Begin PBXGroup section */
		73D489101A6BDD1400176CD4 = {
			isa = PBXGroup;
			children = (
				73D4891B1A6BDD1400176CD4 /* VKLovers */,
				73D489351A6BDD1400176CD4 /* VKLoversTests */,
				73D4891A1A6BDD1400176CD4 /* Products */,
				ED9A1F28FBF55CA77A3D827B /* Pods */,
				969223ABBD26140081BB8F74 /* Frameworks */,
			);
			sourceTree = "<group>";
		};
		73D4891A1A6BDD1400176CD4 /* Products */ = {
			isa = PBXGroup;
			children = (
				73D489191A6BDD1400176CD4 /* VKLovers.app */,
				73D489321A6BDD1400176CD4 /* VKLoversTests.xctest */,
			);
			name = Products;
			sourceTree = "<group>";
		};
		73D4891B1A6BDD1400176CD4 /* VKLovers */ = {
			isa = PBXGroup;
			children = (
				73D489201A6BDD1400176CD4 /* AppDelegate.h */,
				73D489211A6BDD1400176CD4 /* AppDelegate.m */,
				73D489231A6BDD1400176CD4 /* IWLoginViewController.h */,
				73D489241A6BDD1400176CD4 /* IWLoginViewController.m */,
				73D489541A6BF3B000176CD4 /* IWVkFriendsTableViewController.h */,
				73D489551A6BF3B000176CD4 /* IWVkFriendsTableViewController.m */,
				73D4B7191A780E6B00AF5B91 /* Views */,
				73D489501A6BEAF900176CD4 /* Core */,
				73D489261A6BDD1400176CD4 /* Main.storyboard */,
				73D489291A6BDD1400176CD4 /* Images.xcassets */,
				73D4892B1A6BDD1400176CD4 /* LaunchScreen.xib */,
				73D4891C1A6BDD1400176CD4 /* Supporting Files */,
			);
			path = VKLovers;
			sourceTree = "<group>";
		};
		73D4891C1A6BDD1400176CD4 /* Supporting Files */ = {
			isa = PBXGroup;
			children = (
				73CD36191A6C3EC90026232F /* VKLovers.xcdatamodeld */,
				73D489461A6BDE1800176CD4 /* VKLovers-Prefix.pch */,
				73D4891D1A6BDD1400176CD4 /* Info.plist */,
				73D4891E1A6BDD1400176CD4 /* main.m */,
			);
			name = "Supporting Files";
			sourceTree = "<group>";
		};
		73D489351A6BDD1400176CD4 /* VKLoversTests */ = {
			isa = PBXGroup;
			children = (
				73D489381A6BDD1400176CD4 /* VKLoversTests.m */,
				73D489361A6BDD1400176CD4 /* Supporting Files */,
			);
			path = VKLoversTests;
			sourceTree = "<group>";
		};
		73D489361A6BDD1400176CD4 /* Supporting Files */ = {
			isa = PBXGroup;
			children = (
				73D489371A6BDD1400176CD4 /* Info.plist */,
			);
			name = "Supporting Files";
			sourceTree = "<group>";
		};
		73D489501A6BEAF900176CD4 /* Core */ = {
			isa = PBXGroup;
			children = (
				7348B7B91A716E6100ED4504 /* NSMutableArray+confessionManagment.h */,
				7348B7BA1A716E6100ED4504 /* NSMutableArray+confessionManagment.m */,
				73CD36761A6E637E0026232F /* IWWebApiManager.h */,
				73CD36771A6E637E0026232F /* IWWebApiManager.m */,
				73CD36701A6D98930026232F /* IWVkManager.h */,
				73CD36711A6D98930026232F /* IWVkManager.m */,
				73D4894A1A6BEAE200176CD4 /* IWUser.h */,
				73D4894B1A6BEAE200176CD4 /* IWUser.m */,
				73D4894D1A6BEAEF00176CD4 /* IWConfession.h */,
				73D4894E1A6BEAEF00176CD4 /* IWConfession.m */,
			);
			name = Core;
			sourceTree = "<group>";
		};
		73D4B7191A780E6B00AF5B91 /* Views */ = {
			isa = PBXGroup;
			children = (
				73D489571A6BF4A600176CD4 /* IWVkPersonTableViewCell.h */,
				73D489581A6BF4A600176CD4 /* IWVkPersonTableViewCell.m */,
				730004B91A6EA03D0082C1EA /* IWSegmentControl.h */,
				730004BA1A6EA03D0082C1EA /* IWSegmentControl.m */,
				73D4B7161A780DB800AF5B91 /* IWMatchView.h */,
				73D4B7171A780DB800AF5B91 /* IWMatchView.m */,
				73D4B7141A78055600AF5B91 /* IWMatchView.xib */,
			);
			name = Views;
			sourceTree = "<group>";
		};
		969223ABBD26140081BB8F74 /* Frameworks */ = {
			isa = PBXGroup;
			children = (
				73CD36171A6C3E8D0026232F /* CoreData.framework */,
				EC71FB911722F546E2A41B78 /* libPods.a */,
			);
			name = Frameworks;
			sourceTree = "<group>";
		};
		ED9A1F28FBF55CA77A3D827B /* Pods */ = {
			isa = PBXGroup;
			children = (
				47170409422E116E74C99B06 /* Pods.debug.xcconfig */,
				6404C41CDBC6F04495B68382 /* Pods.release.xcconfig */,
			);
			name = Pods;
			sourceTree = "<group>";
		};
/* End PBXGroup section */

/* Begin PBXNativeTarget section */
		73D489181A6BDD1400176CD4 /* VKLovers */ = {
			isa = PBXNativeTarget;
			buildConfigurationList = 73D4893C1A6BDD1400176CD4 /* Build configuration list for PBXNativeTarget "VKLovers" */;
			buildPhases = (
				D3491EA59160C4710C20F79E /* Check Pods Manifest.lock */,
				73D489151A6BDD1400176CD4 /* Sources */,
				73D489161A6BDD1400176CD4 /* Frameworks */,
				73D489171A6BDD1400176CD4 /* Resources */,
				56AD721D6F17CBE2C6BACF83 /* Copy Pods Resources */,
			);
			buildRules = (
			);
			dependencies = (
			);
			name = VKLovers;
			productName = VKLovers;
			productReference = 73D489191A6BDD1400176CD4 /* VKLovers.app */;
			productType = "com.apple.product-type.application";
		};
		73D489311A6BDD1400176CD4 /* VKLoversTests */ = {
			isa = PBXNativeTarget;
			buildConfigurationList = 73D4893F1A6BDD1400176CD4 /* Build configuration list for PBXNativeTarget "VKLoversTests" */;
			buildPhases = (
				73D4892E1A6BDD1400176CD4 /* Sources */,
				73D4892F1A6BDD1400176CD4 /* Frameworks */,
				73D489301A6BDD1400176CD4 /* Resources */,
			);
			buildRules = (
			);
			dependencies = (
				73D489341A6BDD1400176CD4 /* PBXTargetDependency */,
			);
			name = VKLoversTests;
			productName = VKLoversTests;
			productReference = 73D489321A6BDD1400176CD4 /* VKLoversTests.xctest */;
			productType = "com.apple.product-type.bundle.unit-test";
		};
/* End PBXNativeTarget section */

/* Begin PBXProject section */
		73D489111A6BDD1400176CD4 /* Project object */ = {
			isa = PBXProject;
			attributes = {
				LastUpgradeCheck = 0610;
				ORGANIZATIONNAME = "Vitaly Davydov";
				TargetAttributes = {
					73D489181A6BDD1400176CD4 = {
						CreatedOnToolsVersion = 6.1.1;
						DevelopmentTeam = KGK5UKQJ46;
					};
					73D489311A6BDD1400176CD4 = {
						CreatedOnToolsVersion = 6.1.1;
						TestTargetID = 73D489181A6BDD1400176CD4;
					};
				};
			};
			buildConfigurationList = 73D489141A6BDD1400176CD4 /* Build configuration list for PBXProject "VKLovers" */;
			compatibilityVersion = "Xcode 3.2";
			developmentRegion = English;
			hasScannedForEncodings = 0;
			knownRegions = (
				en,
				Base,
			);
			mainGroup = 73D489101A6BDD1400176CD4;
			productRefGroup = 73D4891A1A6BDD1400176CD4 /* Products */;
			projectDirPath = "";
			projectRoot = "";
			targets = (
				73D489181A6BDD1400176CD4 /* VKLovers */,
				73D489311A6BDD1400176CD4 /* VKLoversTests */,
			);
		};
/* End PBXProject section */

/* Begin PBXResourcesBuildPhase section */
		73D489171A6BDD1400176CD4 /* Resources */ = {
			isa = PBXResourcesBuildPhase;
			buildActionMask = 2147483647;
			files = (
				73D4B7151A78055600AF5B91 /* IWMatchView.xib in Resources */,
				73D489281A6BDD1400176CD4 /* Main.storyboard in Resources */,
				73D4892D1A6BDD1400176CD4 /* LaunchScreen.xib in Resources */,
				73D4892A1A6BDD1400176CD4 /* Images.xcassets in Resources */,
			);
			runOnlyForDeploymentPostprocessing = 0;
		};
		73D489301A6BDD1400176CD4 /* Resources */ = {
			isa = PBXResourcesBuildPhase;
			buildActionMask = 2147483647;
			files = (
			);
			runOnlyForDeploymentPostprocessing = 0;
		};
/* End PBXResourcesBuildPhase section */

/* Begin PBXShellScriptBuildPhase section */
		56AD721D6F17CBE2C6BACF83 /* Copy Pods Resources */ = {
			isa = PBXShellScriptBuildPhase;
			buildActionMask = 2147483647;
			files = (
			);
			inputPaths = (
			);
			name = "Copy Pods Resources";
			outputPaths = (
			);
			runOnlyForDeploymentPostprocessing = 0;
			shellPath = /bin/sh;
			shellScript = "\"${SRCROOT}/Pods/Target Support Files/Pods/Pods-resources.sh\"\n";
			showEnvVarsInLog = 0;
		};
		D3491EA59160C4710C20F79E /* Check Pods Manifest.lock */ = {
			isa = PBXShellScriptBuildPhase;
			buildActionMask = 2147483647;
			files = (
			);
			inputPaths = (
			);
			name = "Check Pods Manifest.lock";
			outputPaths = (
			);
			runOnlyForDeploymentPostprocessing = 0;
			shellPath = /bin/sh;
			shellScript = "diff \"${PODS_ROOT}/../Podfile.lock\" \"${PODS_ROOT}/Manifest.lock\" > /dev/null\nif [[ $? != 0 ]] ; then\n    cat << EOM\nerror: The sandbox is not in sync with the Podfile.lock. Run 'pod install' or update your CocoaPods installation.\nEOM\n    exit 1\nfi\n";
			showEnvVarsInLog = 0;
		};
/* End PBXShellScriptBuildPhase section */

/* Begin PBXSourcesBuildPhase section */
		73D489151A6BDD1400176CD4 /* Sources */ = {
			isa = PBXSourcesBuildPhase;
			buildActionMask = 2147483647;
			files = (
				73CD36721A6D98930026232F /* IWVkManager.m in Sources */,
				730004BB1A6EA03D0082C1EA /* IWSegmentControl.m in Sources */,
				73D489591A6BF4A600176CD4 /* IWVkPersonTableViewCell.m in Sources */,
				73D4B7181A780DB800AF5B91 /* IWMatchView.m in Sources */,
				7348B7BB1A716E6100ED4504 /* NSMutableArray+confessionManagment.m in Sources */,
				73CD36781A6E637E0026232F /* IWWebApiManager.m in Sources */,
				73D4894F1A6BEAEF00176CD4 /* IWConfession.m in Sources */,
				73D489561A6BF3B000176CD4 /* IWVkFriendsTableViewController.m in Sources */,
				73D489251A6BDD1400176CD4 /* IWLoginViewController.m in Sources */,
				73D489221A6BDD1400176CD4 /* AppDelegate.m in Sources */,
				73CD361B1A6C3EC90026232F /* VKLovers.xcdatamodeld in Sources */,
				73D4894C1A6BEAE200176CD4 /* IWUser.m in Sources */,
				73D4891F1A6BDD1400176CD4 /* main.m in Sources */,
			);
			runOnlyForDeploymentPostprocessing = 0;
		};
		73D4892E1A6BDD1400176CD4 /* Sources */ = {
			isa = PBXSourcesBuildPhase;
			buildActionMask = 2147483647;
			files = (
				73D489391A6BDD1400176CD4 /* VKLoversTests.m in Sources */,
			);
			runOnlyForDeploymentPostprocessing = 0;
		};
/* End PBXSourcesBuildPhase section */

/* Begin PBXTargetDependency section */
		73D489341A6BDD1400176CD4 /* PBXTargetDependency */ = {
			isa = PBXTargetDependency;
			target = 73D489181A6BDD1400176CD4 /* VKLovers */;
			targetProxy = 73D489331A6BDD1400176CD4 /* PBXContainerItemProxy */;
		};
/* End PBXTargetDependency section */

/* Begin PBXVariantGroup section */
		73D489261A6BDD1400176CD4 /* Main.storyboard */ = {
			isa = PBXVariantGroup;
			children = (
				73D489271A6BDD1400176CD4 /* Base */,
			);
			name = Main.storyboard;
			sourceTree = "<group>";
		};
		73D4892B1A6BDD1400176CD4 /* LaunchScreen.xib */ = {
			isa = PBXVariantGroup;
			children = (
				73D4892C1A6BDD1400176CD4 /* Base */,
			);
			name = LaunchScreen.xib;
			sourceTree = "<group>";
		};
/* End PBXVariantGroup section */

/* Begin XCBuildConfiguration section */
		73D4893A1A6BDD1400176CD4 /* Debug */ = {
			isa = XCBuildConfiguration;
			buildSettings = {
				ALWAYS_SEARCH_USER_PATHS = NO;
				CLANG_CXX_LANGUAGE_STANDARD = "gnu++0x";
				CLANG_CXX_LIBRARY = "libc++";
				CLANG_ENABLE_MODULES = YES;
				CLANG_ENABLE_OBJC_ARC = YES;
				CLANG_WARN_BOOL_CONVERSION = YES;
				CLANG_WARN_CONSTANT_CONVERSION = YES;
				CLANG_WARN_DIRECT_OBJC_ISA_USAGE = YES_ERROR;
				CLANG_WARN_EMPTY_BODY = YES;
				CLANG_WARN_ENUM_CONVERSION = YES;
				CLANG_WARN_INT_CONVERSION = YES;
				CLANG_WARN_OBJC_ROOT_CLASS = YES_ERROR;
				CLANG_WARN_UNREACHABLE_CODE = YES;
				CLANG_WARN__DUPLICATE_METHOD_MATCH = YES;
				"CODE_SIGN_IDENTITY[sdk=iphoneos*]" = "iPhone Developer";
				COPY_PHASE_STRIP = NO;
				ENABLE_STRICT_OBJC_MSGSEND = YES;
				GCC_C_LANGUAGE_STANDARD = gnu99;
				GCC_DYNAMIC_NO_PIC = NO;
				GCC_OPTIMIZATION_LEVEL = 0;
				GCC_PREPROCESSOR_DEFINITIONS = (
					"DEBUG=1",
					"$(inherited)",
				);
				GCC_SYMBOLS_PRIVATE_EXTERN = NO;
				GCC_WARN_64_TO_32_BIT_CONVERSION = YES;
				GCC_WARN_ABOUT_RETURN_TYPE = YES_ERROR;
				GCC_WARN_UNDECLARED_SELECTOR = YES;
				GCC_WARN_UNINITIALIZED_AUTOS = YES_AGGRESSIVE;
				GCC_WARN_UNUSED_FUNCTION = YES;
				GCC_WARN_UNUSED_VARIABLE = YES;
				IPHONEOS_DEPLOYMENT_TARGET = 8.1;
				MTL_ENABLE_DEBUG_INFO = YES;
				ONLY_ACTIVE_ARCH = YES;
				SDKROOT = iphoneos;
			};
			name = Debug;
		};
		73D4893B1A6BDD1400176CD4 /* Release */ = {
			isa = XCBuildConfiguration;
			buildSettings = {
				ALWAYS_SEARCH_USER_PATHS = NO;
				CLANG_CXX_LANGUAGE_STANDARD = "gnu++0x";
				CLANG_CXX_LIBRARY = "libc++";
				CLANG_ENABLE_MODULES = YES;
				CLANG_ENABLE_OBJC_ARC = YES;
				CLANG_WARN_BOOL_CONVERSION = YES;
				CLANG_WARN_CONSTANT_CONVERSION = YES;
				CLANG_WARN_DIRECT_OBJC_ISA_USAGE = YES_ERROR;
				CLANG_WARN_EMPTY_BODY = YES;
				CLANG_WARN_ENUM_CONVERSION = YES;
				CLANG_WARN_INT_CONVERSION = YES;
				CLANG_WARN_OBJC_ROOT_CLASS = YES_ERROR;
				CLANG_WARN_UNREACHABLE_CODE = YES;
				CLANG_WARN__DUPLICATE_METHOD_MATCH = YES;
				"CODE_SIGN_IDENTITY[sdk=iphoneos*]" = "iPhone Developer";
				COPY_PHASE_STRIP = YES;
				ENABLE_NS_ASSERTIONS = NO;
				ENABLE_STRICT_OBJC_MSGSEND = YES;
				GCC_C_LANGUAGE_STANDARD = gnu99;
				GCC_WARN_64_TO_32_BIT_CONVERSION = YES;
				GCC_WARN_ABOUT_RETURN_TYPE = YES_ERROR;
				GCC_WARN_UNDECLARED_SELECTOR = YES;
				GCC_WARN_UNINITIALIZED_AUTOS = YES_AGGRESSIVE;
				GCC_WARN_UNUSED_FUNCTION = YES;
				GCC_WARN_UNUSED_VARIABLE = YES;
				IPHONEOS_DEPLOYMENT_TARGET = 8.1;
				MTL_ENABLE_DEBUG_INFO = NO;
				SDKROOT = iphoneos;
				VALIDATE_PRODUCT = YES;
			};
			name = Release;
		};
		73D4893D1A6BDD1400176CD4 /* Debug */ = {
			isa = XCBuildConfiguration;
			baseConfigurationReference = 47170409422E116E74C99B06 /* Pods.debug.xcconfig */;
			buildSettings = {
				ASSETCATALOG_COMPILER_APPICON_NAME = AppIcon;
				ASSETCATALOG_COMPILER_LAUNCHIMAGE_NAME = LaunchImage;
				CODE_SIGN_IDENTITY = "iPhone Developer";
				"CODE_SIGN_IDENTITY[sdk=iphoneos*]" = "iPhone Developer";
				GCC_PREFIX_HEADER = "VKLovers/VKLovers-Prefix.pch";
				INFOPLIST_FILE = VKLovers/Info.plist;
				IPHONEOS_DEPLOYMENT_TARGET = 7.0;
				LD_RUNPATH_SEARCH_PATHS = "$(inherited) @executable_path/Frameworks";
				PRODUCT_NAME = "$(TARGET_NAME)";
				PROVISIONING_PROFILE = "";
				TARGETED_DEVICE_FAMILY = "1,2";
			};
			name = Debug;
		};
		73D4893E1A6BDD1400176CD4 /* Release */ = {
			isa = XCBuildConfiguration;
			baseConfigurationReference = 6404C41CDBC6F04495B68382 /* Pods.release.xcconfig */;
			buildSettings = {
				ASSETCATALOG_COMPILER_APPICON_NAME = AppIcon;
				ASSETCATALOG_COMPILER_LAUNCHIMAGE_NAME = LaunchImage;
				CODE_SIGN_IDENTITY = "iPhone Developer";
				"CODE_SIGN_IDENTITY[sdk=iphoneos*]" = "iPhone Developer";
				GCC_PREFIX_HEADER = "VKLovers/VKLovers-Prefix.pch";
				INFOPLIST_FILE = VKLovers/Info.plist;
				IPHONEOS_DEPLOYMENT_TARGET = 7.0;
				LD_RUNPATH_SEARCH_PATHS = "$(inherited) @executable_path/Frameworks";
				PRODUCT_NAME = "$(TARGET_NAME)";
				PROVISIONING_PROFILE = "";
				TARGETED_DEVICE_FAMILY = "1,2";
			};
			name = Release;
		};
		73D489401A6BDD1400176CD4 /* Debug */ = {
			isa = XCBuildConfiguration;
			buildSettings = {
				BUNDLE_LOADER = "$(TEST_HOST)";
				FRAMEWORK_SEARCH_PATHS = (
					"$(SDKROOT)/Developer/Library/Frameworks",
					"$(inherited)",
				);
				GCC_PREPROCESSOR_DEFINITIONS = (
					"DEBUG=1",
					"$(inherited)",
				);
				INFOPLIST_FILE = VKLoversTests/Info.plist;
				LD_RUNPATH_SEARCH_PATHS = "$(inherited) @executable_path/Frameworks @loader_path/Frameworks";
				PRODUCT_NAME = "$(TARGET_NAME)";
				TEST_HOST = "$(BUILT_PRODUCTS_DIR)/VKLovers.app/VKLovers";
			};
			name = Debug;
		};
		73D489411A6BDD1400176CD4 /* Release */ = {
			isa = XCBuildConfiguration;
			buildSettings = {
				BUNDLE_LOADER = "$(TEST_HOST)";
				FRAMEWORK_SEARCH_PATHS = (
					"$(SDKROOT)/Developer/Library/Frameworks",
					"$(inherited)",
				);
				INFOPLIST_FILE = VKLoversTests/Info.plist;
				LD_RUNPATH_SEARCH_PATHS = "$(inherited) @executable_path/Frameworks @loader_path/Frameworks";
				PRODUCT_NAME = "$(TARGET_NAME)";
				TEST_HOST = "$(BUILT_PRODUCTS_DIR)/VKLovers.app/VKLovers";
			};
			name = Release;
		};
/* End XCBuildConfiguration section */

/* Begin XCConfigurationList section */
		73D489141A6BDD1400176CD4 /* Build configuration list for PBXProject "VKLovers" */ = {
			isa = XCConfigurationList;
			buildConfigurations = (
				73D4893A1A6BDD1400176CD4 /* Debug */,
				73D4893B1A6BDD1400176CD4 /* Release */,
			);
			defaultConfigurationIsVisible = 0;
			defaultConfigurationName = Release;
		};
		73D4893C1A6BDD1400176CD4 /* Build configuration list for PBXNativeTarget "VKLovers" */ = {
			isa = XCConfigurationList;
			buildConfigurations = (
				73D4893D1A6BDD1400176CD4 /* Debug */,
				73D4893E1A6BDD1400176CD4 /* Release */,
			);
			defaultConfigurationIsVisible = 0;
			defaultConfigurationName = Release;
		};
		73D4893F1A6BDD1400176CD4 /* Build configuration list for PBXNativeTarget "VKLoversTests" */ = {
			isa = XCConfigurationList;
			buildConfigurations = (
				73D489401A6BDD1400176CD4 /* Debug */,
				73D489411A6BDD1400176CD4 /* Release */,
			);
			defaultConfigurationIsVisible = 0;
			defaultConfigurationName = Release;
		};
/* End XCConfigurationList section */

/* Begin XCVersionGroup section */
		73CD36191A6C3EC90026232F /* VKLovers.xcdatamodeld */ = {
			isa = XCVersionGroup;
			children = (
				73CD361A1A6C3EC90026232F /* VKLovers.xcdatamodel */,
			);
			currentVersion = 73CD361A1A6C3EC90026232F /* VKLovers.xcdatamodel */;
			path = VKLovers.xcdatamodeld;
			sourceTree = "<group>";
			versionGroupType = wrapper.xcdatamodel;
		};
/* End XCVersionGroup section */
	};
	rootObject = 73D489111A6BDD1400176CD4 /* Project object */;
}
